
Microsoft Visual Studio Solution File, Format Version 12.00
# Visual Studio 14
VisualStudioVersion = 14.0.25123.0
MinimumVisualStudioVersion = 10.0.40219.1
Project("{2150E333-8FDC-42A3-9474-1A3956D46DE8}") = "src", "src", "{1A69F98B-C753-4183-ACDC-5D142A5322FE}"
EndProject
Project("{2150E333-8FDC-42A3-9474-1A3956D46DE8}") = "Solution Items", "Solution Items", "{655DF75B-56BD-4A9E-8594-14CF287BF34D}"
	ProjectSection(SolutionItems) = preProject
		global.json = global.json
	EndProjectSection
EndProject
Project("{8BB2217D-0F2D-49D1-97BC-3654ED321F3B}") = "TaskList", "src\TaskList\TaskList.xproj", "{8BD00B42-68BE-4889-8D2E-B4463396DE14}"
EndProject
Global
	GlobalSection(SolutionConfigurationPlatforms) = preSolution
		Debug|Any CPU = Debug|Any CPU
		Release|Any CPU = Release|Any CPU
	EndGlobalSection
	GlobalSection(ProjectConfigurationPlatforms) = postSolution
		{8BD00B42-68BE-4889-8D2E-B4463396DE14}.Debug|Any CPU.ActiveCfg = Debug|Any CPU
		{8BD00B42-68BE-4889-8D2E-B4463396DE14}.Debug|Any CPU.Build.0 = Debug|Any CPU
		{8BD00B42-68BE-4889-8D2E-B4463396DE14}.Release|Any CPU.ActiveCfg = Release|Any CPU
		{8BD00B42-68BE-4889-8D2E-B4463396DE14}.Release|Any CPU.Build.0 = Release|Any CPU
	EndGlobalSection
	GlobalSection(SolutionProperties) = preSolution
		HideSolutionNode = FALSE
	EndGlobalSection
	GlobalSection(NestedProjects) = preSolution
		{8BD00B42-68BE-4889-8D2E-B4463396DE14} = {1A69F98B-C753-4183-ACDC-5D142A5322FE}
	EndGlobalSection
EndGlobal
